
Microsoft Visual Studio Solution File, Format Version 12.00
# Visual Studio Version 16
VisualStudioVersion = 16.0.31313.79
MinimumVisualStudioVersion = 10.0.40219.1
Project("{FAE04EC0-301F-11D3-BF4B-00C04F79EFBC}") = "test_task", "test_task\test_task.csproj", "{423FE1F7-3F98-44A1-957F-3AB1DD2EB39A}"
EndProject
Global
	GlobalSection(SolutionConfigurationPlatforms) = preSolution
		Debug|Any CPU = Debug|Any CPU
		Release|Any CPU = Release|Any CPU
	EndGlobalSection
	GlobalSection(ProjectConfigurationPlatforms) = postSolution
		{423FE1F7-3F98-44A1-957F-3AB1DD2EB39A}.Debug|Any CPU.ActiveCfg = Debug|Any CPU
		{423FE1F7-3F98-44A1-957F-3AB1DD2EB39A}.Debug|Any CPU.Build.0 = Debug|Any CPU
		{423FE1F7-3F98-44A1-957F-3AB1DD2EB39A}.Release|Any CPU.ActiveCfg = Release|Any CPU
		{423FE1F7-3F98-44A1-957F-3AB1DD2EB39A}.Release|Any CPU.Build.0 = Release|Any CPU
	EndGlobalSection
	GlobalSection(SolutionProperties) = preSolution
		HideSolutionNode = FALSE
	EndGlobalSection
	GlobalSection(ExtensibilityGlobals) = postSolution
		SolutionGuid = {6B0FF6D3-3449-4B15-882D-CBB83026EFAC}
	EndGlobalSection
EndGlobal
